
Microsoft Visual Studio Solution File, Format Version 12.00
# Visual Studio Version 16
VisualStudioVersion = 16.0.30114.105
MinimumVisualStudioVersion = 10.0.40219.1
Project("{FAE04EC0-301F-11D3-BF4B-00C04F79EFBC}") = "ProEventos.Application", "ProEventos.Application\ProEventos.Application.csproj", "{B8A8FD4E-E7C4-41C6-A9BA-6083BB9210E3}"
EndProject
Project("{FAE04EC0-301F-11D3-BF4B-00C04F79EFBC}") = "ProEventos.Domain", "ProEventos.Domain\ProEventos.Domain.csproj", "{C5AFF3CD-DD5C-4A6A-BC2F-47C5770F3E61}"
EndProject
Project("{FAE04EC0-301F-11D3-BF4B-00C04F79EFBC}") = "ProEventos.Persistence", "ProEventos.Persistence\ProEventos.Persistence.csproj", "{877F4058-6B6A-4917-83A7-530F94085C29}"
EndProject
Project("{FAE04EC0-301F-11D3-BF4B-00C04F79EFBC}") = "ProEventos.API", "ProEventos.API\ProEventos.API.csproj", "{865F5CE6-734E-479C-8F3A-AB2644C06742}"
EndProject
Global
	GlobalSection(SolutionConfigurationPlatforms) = preSolution
		Debug|Any CPU = Debug|Any CPU
		Debug|x64 = Debug|x64
		Debug|x86 = Debug|x86
		Release|Any CPU = Release|Any CPU
		Release|x64 = Release|x64
		Release|x86 = Release|x86
	EndGlobalSection
	GlobalSection(SolutionProperties) = preSolution
		HideSolutionNode = FALSE
	EndGlobalSection
	GlobalSection(ProjectConfigurationPlatforms) = postSolution
		{B8A8FD4E-E7C4-41C6-A9BA-6083BB9210E3}.Debug|Any CPU.ActiveCfg = Debug|Any CPU
		{B8A8FD4E-E7C4-41C6-A9BA-6083BB9210E3}.Debug|Any CPU.Build.0 = Debug|Any CPU
		{B8A8FD4E-E7C4-41C6-A9BA-6083BB9210E3}.Debug|x64.ActiveCfg = Debug|Any CPU
		{B8A8FD4E-E7C4-41C6-A9BA-6083BB9210E3}.Debug|x64.Build.0 = Debug|Any CPU
		{B8A8FD4E-E7C4-41C6-A9BA-6083BB9210E3}.Debug|x86.ActiveCfg = Debug|Any CPU
		{B8A8FD4E-E7C4-41C6-A9BA-6083BB9210E3}.Debug|x86.Build.0 = Debug|Any CPU
		{B8A8FD4E-E7C4-41C6-A9BA-6083BB9210E3}.Release|Any CPU.ActiveCfg = Release|Any CPU
		{B8A8FD4E-E7C4-41C6-A9BA-6083BB9210E3}.Release|Any CPU.Build.0 = Release|Any CPU
		{B8A8FD4E-E7C4-41C6-A9BA-6083BB9210E3}.Release|x64.ActiveCfg = Release|Any CPU
		{B8A8FD4E-E7C4-41C6-A9BA-6083BB9210E3}.Release|x64.Build.0 = Release|Any CPU
		{B8A8FD4E-E7C4-41C6-A9BA-6083BB9210E3}.Release|x86.ActiveCfg = Release|Any CPU
		{B8A8FD4E-E7C4-41C6-A9BA-6083BB9210E3}.Release|x86.Build.0 = Release|Any CPU
		{C5AFF3CD-DD5C-4A6A-BC2F-47C5770F3E61}.Debug|Any CPU.ActiveCfg = Debug|Any CPU
		{C5AFF3CD-DD5C-4A6A-BC2F-47C5770F3E61}.Debug|Any CPU.Build.0 = Debug|Any CPU
		{C5AFF3CD-DD5C-4A6A-BC2F-47C5770F3E61}.Debug|x64.ActiveCfg = Debug|Any CPU
		{C5AFF3CD-DD5C-4A6A-BC2F-47C5770F3E61}.Debug|x64.Build.0 = Debug|Any CPU
		{C5AFF3CD-DD5C-4A6A-BC2F-47C5770F3E61}.Debug|x86.ActiveCfg = Debug|Any CPU
		{C5AFF3CD-DD5C-4A6A-BC2F-47C5770F3E61}.Debug|x86.Build.0 = Debug|Any CPU
		{C5AFF3CD-DD5C-4A6A-BC2F-47C5770F3E61}.Release|Any CPU.ActiveCfg = Release|Any CPU
		{C5AFF3CD-DD5C-4A6A-BC2F-47C5770F3E61}.Release|Any CPU.Build.0 = Release|Any CPU
		{C5AFF3CD-DD5C-4A6A-BC2F-47C5770F3E61}.Release|x64.ActiveCfg = Release|Any CPU
		{C5AFF3CD-DD5C-4A6A-BC2F-47C5770F3E61}.Release|x64.Build.0 = Release|Any CPU
		{C5AFF3CD-DD5C-4A6A-BC2F-47C5770F3E61}.Release|x86.ActiveCfg = Release|Any CPU
		{C5AFF3CD-DD5C-4A6A-BC2F-47C5770F3E61}.Release|x86.Build.0 = Release|Any CPU
		{877F4058-6B6A-4917-83A7-530F94085C29}.Debug|Any CPU.ActiveCfg = Debug|Any CPU
		{877F4058-6B6A-4917-83A7-530F94085C29}.Debug|Any CPU.Build.0 = Debug|Any CPU
		{877F4058-6B6A-4917-83A7-530F94085C29}.Debug|x64.ActiveCfg = Debug|Any CPU
		{877F4058-6B6A-4917-83A7-530F94085C29}.Debug|x64.Build.0 = Debug|Any CPU
		{877F4058-6B6A-4917-83A7-530F94085C29}.Debug|x86.ActiveCfg = Debug|Any CPU
		{877F4058-6B6A-4917-83A7-530F94085C29}.Debug|x86.Build.0 = Debug|Any CPU
		{877F4058-6B6A-4917-83A7-530F94085C29}.Release|Any CPU.ActiveCfg = Release|Any CPU
		{877F4058-6B6A-4917-83A7-530F94085C29}.Release|Any CPU.Build.0 = Release|Any CPU
		{877F4058-6B6A-4917-83A7-530F94085C29}.Release|x64.ActiveCfg = Release|Any CPU
		{877F4058-6B6A-4917-83A7-530F94085C29}.Release|x64.Build.0 = Release|Any CPU
		{877F4058-6B6A-4917-83A7-530F94085C29}.Release|x86.ActiveCfg = Release|Any CPU
		{877F4058-6B6A-4917-83A7-530F94085C29}.Release|x86.Build.0 = Release|Any CPU
		{865F5CE6-734E-479C-8F3A-AB2644C06742}.Debug|Any CPU.ActiveCfg = Debug|Any CPU
		{865F5CE6-734E-479C-8F3A-AB2644C06742}.Debug|Any CPU.Build.0 = Debug|Any CPU
		{865F5CE6-734E-479C-8F3A-AB2644C06742}.Debug|x64.ActiveCfg = Debug|Any CPU
		{865F5CE6-734E-479C-8F3A-AB2644C06742}.Debug|x64.Build.0 = Debug|Any CPU
		{865F5CE6-734E-479C-8F3A-AB2644C06742}.Debug|x86.ActiveCfg = Debug|Any CPU
		{865F5CE6-734E-479C-8F3A-AB2644C06742}.Debug|x86.Build.0 = Debug|Any CPU
		{865F5CE6-734E-479C-8F3A-AB2644C06742}.Release|Any CPU.ActiveCfg = Release|Any CPU
		{865F5CE6-734E-479C-8F3A-AB2644C06742}.Release|Any CPU.Build.0 = Release|Any CPU
		{865F5CE6-734E-479C-8F3A-AB2644C06742}.Release|x64.ActiveCfg = Release|Any CPU
		{865F5CE6-734E-479C-8F3A-AB2644C06742}.Release|x64.Build.0 = Release|Any CPU
		{865F5CE6-734E-479C-8F3A-AB2644C06742}.Release|x86.ActiveCfg = Release|Any CPU
		{865F5CE6-734E-479C-8F3A-AB2644C06742}.Release|x86.Build.0 = Release|Any CPU
	EndGlobalSection
EndGlobal
